PODS:
  - Flutter (1.0.0)
  - google_mlkit_commons (0.9.0):
    - Flutter
    - MLKitVision
  - google_mlkit_digital_ink_recognition (0.13.0):
    - Flutter
    - google_mlkit_commons
    - GoogleMLKit/DigitalInkRecognition (~> 7.0.0)
  - GoogleDataTransport (10.1.0):
    - nanopb (~> 3.30910.0)
    - PromisesObjC (~> 2.4)
  - GoogleMLKit/DigitalInkRecognition (7.0.0):
    - GoogleMLKit/MLKitCore
    - MLKitDigitalInkRecognition (~> 6.0.0)
  - GoogleMLKit/MLKitCore (7.0.0):
    - MLKitCommon (~> 12.0.0)
  - GoogleToolboxForMac/Defines (4.2.1)
  - GoogleToolboxForMac/Logger (4.2.1):
    - GoogleToolboxForMac/Defines (= 4.2.1)
  - "GoogleToolboxForMac/NSData+zlib (4.2.1)":
    - GoogleToolboxForMac/Defines (= 4.2.1)
  - GoogleUtilities/Environment (8.1.0):
    - GoogleUtilities/Privacy
  - GoogleUtilities/Logger (8.1.0):
    - GoogleUtilities/Environment
    - GoogleUtilities/Privacy
  - GoogleUtilities/Privacy (8.1.0)
  - GoogleUtilities/UserDefaults (8.1.0):
    - GoogleUtilities/Logger
    - GoogleUtilities/Privacy
  - GTMSessionFetcher/Core (3.5.0)
  - MLImage (1.0.0-beta6)
  - MLKitCommon (12.0.0):
    - GoogleDataTransport (~> 10.0)
    - GoogleToolboxForMac/Logger (< 5.0, >= 4.2.1)
    - "GoogleToolboxForMac/NSData+zlib (< 5.0, >= 4.2.1)"
    - GoogleUtilities/Logger (~> 8.0)
    - GoogleUtilities/UserDefaults (~> 8.0)
    - GTMSessionFetcher/Core (< 4.0, >= 3.3.2)
  - MLKitDigitalInkRecognition (6.0.0):
    - MLKitCommon (~> 12.0)
    - MLKitMDD (~> 8.0)
    - SSZipArchive (< 3.0, >= 2.5.5)
  - MLKitMDD (8.0.0):
    - MLKitCommon (~> 12.0)
  - MLKitVision (8.0.0):
    - GoogleToolboxForMac/Logger (< 5.0, >= 4.2.1)
    - "GoogleToolboxForMac/NSData+zlib (< 5.0, >= 4.2.1)"
    - GTMSessionFetcher/Core (< 4.0, >= 3.3.2)
    - MLImage (= 1.0.0-beta6)
    - MLKitCommon (~> 12.0)
  - nanopb (3.30910.0):
    - nanopb/decode (= 3.30910.0)
    - nanopb/encode (= 3.30910.0)
  - nanopb/decode (3.30910.0)
  - nanopb/encode (3.30910.0)
  - PromisesObjC (2.4.0)
  - SSZipArchive (2.6.0)

DEPENDENCIES:
  - Flutter (from `Flutter`)
  - google_mlkit_commons (from `.symlinks/plugins/google_mlkit_commons/ios`)
  - google_mlkit_digital_ink_recognition (from `.symlinks/plugins/google_mlkit_digital_ink_recognition/ios`)

SPEC REPOS:
  trunk:
    - GoogleDataTransport
    - GoogleMLKit
    - GoogleToolboxForMac
    - GoogleUtilities
    - GTMSessionFetcher
    - MLImage
    - MLKitCommon
    - MLKitDigitalInkRecognition
    - MLKitMDD
    - MLKitVision
    - nanopb
    - PromisesObjC
    - SSZipArchive

EXTERNAL SOURCES:
  Flutter:
    :path: Flutter
  google_mlkit_commons:
    :path: ".symlinks/plugins/google_mlkit_commons/ios"
  google_mlkit_digital_ink_recognition:
    :path: ".symlinks/plugins/google_mlkit_digital_ink_recognition/ios"

SPEC CHECKSUMS:
  Flutter: cabc95a1d2626b1b06e7179b784ebcf0c0cde467
  google_mlkit_commons: 92c769cc2e0a2bfdeb3c38091a36e8a9cc8c63d4
  google_mlkit_digital_ink_recognition: c38f0858e61478b43de4d34a5f75eca91ff00715
  GoogleDataTransport: aae35b7ea0c09004c3797d53c8c41f66f219d6a7
  GoogleMLKit: eff9e23ec1d90ea4157a1ee2e32a4f610c5b3318
  GoogleToolboxForMac: d1a2cbf009c453f4d6ded37c105e2f67a32206d8
  GoogleUtilities: 00c88b9a86066ef77f0da2fab05f65d7768ed8e1
  GTMSessionFetcher: 5aea5ba6bd522a239e236100971f10cb71b96ab6
  MLImage: 0ad1c5f50edd027672d8b26b0fee78a8b4a0fc56
  MLKitCommon: 07c2c33ae5640e5380beaaa6e4b9c249a205542d
  MLKitDigitalInkRecognition: 42c38de99db7074ea19c9a92dafb1672f64a2649
  MLKitMDD: a8d5a4d6a3520403d7beea887ae6ed837cf0ad26
  MLKitVision: 45e79d68845a2de77e2dd4d7f07947f0ed157b0e
  nanopb: fad817b59e0457d11a5dfbde799381cd727c1275
  PromisesObjC: f5707f49cb48b9636751c5b2e7d227e43fba9f47
  SSZipArchive: 8a6ee5677c8e304bebc109e39cf0da91ccef22ea

PODFILE CHECKSUM: 9580a49fa2c095d51100c20f258df867100b916b

COCOAPODS: 1.16.2
